
Microsoft Visual Studio Solution File, Format Version 12.00
# Visual Studio Version 17
VisualStudioVersion = 17.9.34902.65
MinimumVisualStudioVersion = 10.0.40219.1
Project("{9A19103F-16F7-4668-BE54-9A1E7A4F7556}") = "ChatApp", "ChatApp\ChatApp.csproj", "{D91392B3-604A-4BA2-8CEF-7895D0D3953C}"
EndProject
Global
	GlobalSection(SolutionConfigurationPlatforms) = preSolution
		Debug|Any CPU = Debug|Any CPU
		Release|Any CPU = Release|Any CPU
	EndGlobalSection
	GlobalSection(ProjectConfigurationPlatforms) = postSolution
		{D91392B3-604A-4BA2-8CEF-7895D0D3953C}.Debug|Any CPU.ActiveCfg = Debug|Any CPU
		{D91392B3-604A-4BA2-8CEF-7895D0D3953C}.Debug|Any CPU.Build.0 = Debug|Any CPU
		{D91392B3-604A-4BA2-8CEF-7895D0D3953C}.Release|Any CPU.ActiveCfg = Release|Any CPU
		{D91392B3-604A-4BA2-8CEF-7895D0D3953C}.Release|Any CPU.Build.0 = Release|Any CPU
	EndGlobalSection
	GlobalSection(SolutionProperties) = preSolution
		HideSolutionNode = FALSE
	EndGlobalSection
	GlobalSection(ExtensibilityGlobals) = postSolution
		SolutionGuid = {C4970585-2E87-4D4D-877D-216E2148A420}
	EndGlobalSection
EndGlobal
